
Microsoft Visual Studio Solution File, Format Version 12.00
# Visual Studio Version 17
VisualStudioVersion = 17.0.32112.339
MinimumVisualStudioVersion = 10.0.40219.1
Project("{FAE04EC0-301F-11D3-BF4B-00C04F79EFBC}") = "Remaking Wordle Because I Am Bored", "Remaking Wordle Because I Am Bored\Remaking Wordle Because I Am Bored.csproj", "{04288649-834E-4946-834F-656F9BCBE897}"
EndProject
Global
	GlobalSection(SolutionConfigurationPlatforms) = preSolution
		Debug|Any CPU = Debug|Any CPU
		Release|Any CPU = Release|Any CPU
	EndGlobalSection
	GlobalSection(ProjectConfigurationPlatforms) = postSolution
		{04288649-834E-4946-834F-656F9BCBE897}.Debug|Any CPU.ActiveCfg = Debug|Any CPU
		{04288649-834E-4946-834F-656F9BCBE897}.Debug|Any CPU.Build.0 = Debug|Any CPU
		{04288649-834E-4946-834F-656F9BCBE897}.Release|Any CPU.ActiveCfg = Release|Any CPU
		{04288649-834E-4946-834F-656F9BCBE897}.Release|Any CPU.Build.0 = Release|Any CPU
	EndGlobalSection
	GlobalSection(SolutionProperties) = preSolution
		HideSolutionNode = FALSE
	EndGlobalSection
	GlobalSection(ExtensibilityGlobals) = postSolution
		SolutionGuid = {7F0DF3F1-F259-4240-81BD-91CD71397777}
	EndGlobalSection
EndGlobal
